
Microsoft Visual Studio Solution File, Format Version 12.00
# Visual Studio 2013
VisualStudioVersion = 12.0.21005.1
MinimumVisualStudioVersion = 10.0.40219.1
Project("{FAE04EC0-301F-11D3-BF4B-00C04F79EFBC}") = "EulerProject.UI", "EulerProject.UI\EulerProject.UI.csproj", "{424213E6-72A9-47EE-898D-E1B36C893088}"
EndProject
Project("{FAE04EC0-301F-11D3-BF4B-00C04F79EFBC}") = "EulerProject.Business", "EulerProject.Business\EulerProject.Business.csproj", "{88B328BF-2885-4512-9D38-D4155A974A0B}"
EndProject
Project("{FAE04EC0-301F-11D3-BF4B-00C04F79EFBC}") = "EulerProject.Utilities", "EulerProject.Utilities\EulerProject.Utilities.csproj", "{6FB180F4-AD30-4079-8AF0-0E59C23EF130}"
EndProject
Global
	GlobalSection(SolutionConfigurationPlatforms) = preSolution
		Debug|Any CPU = Debug|Any CPU
		Release|Any CPU = Release|Any CPU
	EndGlobalSection
	GlobalSection(ProjectConfigurationPlatforms) = postSolution
		{424213E6-72A9-47EE-898D-E1B36C893088}.Debug|Any CPU.ActiveCfg = Debug|Any CPU
		{424213E6-72A9-47EE-898D-E1B36C893088}.Debug|Any CPU.Build.0 = Debug|Any CPU
		{424213E6-72A9-47EE-898D-E1B36C893088}.Release|Any CPU.ActiveCfg = Release|Any CPU
		{424213E6-72A9-47EE-898D-E1B36C893088}.Release|Any CPU.Build.0 = Release|Any CPU
		{88B328BF-2885-4512-9D38-D4155A974A0B}.Debug|Any CPU.ActiveCfg = Debug|Any CPU
		{88B328BF-2885-4512-9D38-D4155A974A0B}.Debug|Any CPU.Build.0 = Debug|Any CPU
		{88B328BF-2885-4512-9D38-D4155A974A0B}.Release|Any CPU.ActiveCfg = Release|Any CPU
		{88B328BF-2885-4512-9D38-D4155A974A0B}.Release|Any CPU.Build.0 = Release|Any CPU
		{6FB180F4-AD30-4079-8AF0-0E59C23EF130}.Debug|Any CPU.ActiveCfg = Debug|Any CPU
		{6FB180F4-AD30-4079-8AF0-0E59C23EF130}.Debug|Any CPU.Build.0 = Debug|Any CPU
		{6FB180F4-AD30-4079-8AF0-0E59C23EF130}.Release|Any CPU.ActiveCfg = Release|Any CPU
		{6FB180F4-AD30-4079-8AF0-0E59C23EF130}.Release|Any CPU.Build.0 = Release|Any CPU
	EndGlobalSection
	GlobalSection(SolutionProperties) = preSolution
		HideSolutionNode = FALSE
	EndGlobalSection
EndGlobal
